// !$*UTF8*$!
{
	archiveVersion = 1;
	classes = {
	};
	objectVersion = 56;
	objects = {

/* Begin PBXBuildFile section */
		CE7FB73E2B72EA9B001808BD /* NetworkServices.swift in Sources */ = {isa = PBXBuildFile; fileRef = CE7FB73D2B72EA9B001808BD /* NetworkServices.swift */; };
		CE7FB7412B72EB02001808BD /* URLHandler.swift in Sources */ = {isa = PBXBuildFile; fileRef = CE7FB7402B72EB02001808BD /* URLHandler.swift */; };
		CE7FB7452B731296001808BD /* HomeViewModel.swift in Sources */ = {isa = PBXBuildFile; fileRef = CE7FB7442B731296001808BD /* HomeViewModel.swift */; };
		DECF82202B71983400237F4B /* ForecastRow.swift in Sources */ = {isa = PBXBuildFile; fileRef = DECF821F2B71983400237F4B /* ForecastRow.swift */; };
		DECF82232B719E1800237F4B /* ForecastList.swift in Sources */ = {isa = PBXBuildFile; fileRef = DECF82222B719E1800237F4B /* ForecastList.swift */; };
		DECF82252B719EE800237F4B /* WeatherGridItem.swift in Sources */ = {isa = PBXBuildFile; fileRef = DECF82242B719EE800237F4B /* WeatherGridItem.swift */; };
		DECF82282B720DAD00237F4B /* WeatherGrid.swift in Sources */ = {isa = PBXBuildFile; fileRef = DECF82272B720DAD00237F4B /* WeatherGrid.swift */; };
		DECF822A2B72240100237F4B /* WeatherHomeView.swift in Sources */ = {isa = PBXBuildFile; fileRef = DECF82292B72240100237F4B /* WeatherHomeView.swift */; };
		DECF822D2B72249600237F4B /* CurrentLocationWeather.swift in Sources */ = {isa = PBXBuildFile; fileRef = DECF822C2B72249600237F4B /* CurrentLocationWeather.swift */; };
		DECF82302B7251DF00237F4B /* ForecastModel.swift in Sources */ = {isa = PBXBuildFile; fileRef = DECF822F2B7251DF00237F4B /* ForecastModel.swift */; };
		DECF82322B72522600237F4B /* LocationModel.swift in Sources */ = {isa = PBXBuildFile; fileRef = DECF82312B72522600237F4B /* LocationModel.swift */; };
		DECF82342B72524500237F4B /* CurrentModel.swift in Sources */ = {isa = PBXBuildFile; fileRef = DECF82332B72524500237F4B /* CurrentModel.swift */; };
		DECF82362B726DB300237F4B /* WeatherModel.swift in Sources */ = {isa = PBXBuildFile; fileRef = DECF82352B726DB300237F4B /* WeatherModel.swift */; };
		DECF82382B72897600237F4B /* ConditionModel.swift in Sources */ = {isa = PBXBuildFile; fileRef = DECF82372B72897600237F4B /* ConditionModel.swift */; };
		DECF823A2B72930700237F4B /* ForecastDayModel.swift in Sources */ = {isa = PBXBuildFile; fileRef = DECF82392B72930700237F4B /* ForecastDayModel.swift */; };
		DECF823C2B7293DF00237F4B /* DayModel.swift in Sources */ = {isa = PBXBuildFile; fileRef = DECF823B2B7293DF00237F4B /* DayModel.swift */; };
		DECF823E2B72940100237F4B /* HourModel.swift in Sources */ = {isa = PBXBuildFile; fileRef = DECF823D2B72940100237F4B /* HourModel.swift */; };
		DEFA138B2B7150BA00E75607 /* WeatherApp.swift in Sources */ = {isa = PBXBuildFile; fileRef = DEFA138A2B7150BA00E75607 /* WeatherApp.swift */; };
		DEFA138F2B7150BC00E75607 /* Assets.xcassets in Resources */ = {isa = PBXBuildFile; fileRef = DEFA138E2B7150BC00E75607 /* Assets.xcassets */; };
		DEFA13922B7150BC00E75607 /* Preview Assets.xcassets in Resources */ = {isa = PBXBuildFile; fileRef = DEFA13912B7150BC00E75607 /* Preview Assets.xcassets */; };
		E47E556F43887173AA65B327 /* Pods_WeatherApp.framework in Frameworks */ = {isa = PBXBuildFile; fileRef = B0F54FA4DF54AF4649DF78DC /* Pods_WeatherApp.framework */; };
/* End PBXBuildFile section */

/* Begin PBXFileReference section */
		3EF47EBA19C59C22F3BD0678 /* Pods-WeatherApp.release.xcconfig */ = {isa = PBXFileReference; includeInIndex = 1; lastKnownFileType = text.xcconfig; name = "Pods-WeatherApp.release.xcconfig"; path = "Target Support Files/Pods-WeatherApp/Pods-WeatherApp.release.xcconfig"; sourceTree = "<group>"; };
		4C3DFE9BA4035C77C0691347 /* Pods-WeatherApp.debug.xcconfig */ = {isa = PBXFileReference; includeInIndex = 1; lastKnownFileType = text.xcconfig; name = "Pods-WeatherApp.debug.xcconfig"; path = "Target Support Files/Pods-WeatherApp/Pods-WeatherApp.debug.xcconfig"; sourceTree = "<group>"; };
		B0F54FA4DF54AF4649DF78DC /* Pods_WeatherApp.framework */ = {isa = PBXFileReference; explicitFileType = wrapper.framework; includeInIndex = 0; path = Pods_WeatherApp.framework; sourceTree = BUILT_PRODUCTS_DIR; };
		CE7FB73D2B72EA9B001808BD /* NetworkServices.swift */ = {isa = PBXFileReference; lastKnownFileType = sourcecode.swift; path = NetworkServices.swift; sourceTree = "<group>"; };
		CE7FB7402B72EB02001808BD /* URLHandler.swift */ = {isa = PBXFileReference; lastKnownFileType = sourcecode.swift; path = URLHandler.swift; sourceTree = "<group>"; };
		CE7FB7442B731296001808BD /* HomeViewModel.swift */ = {isa = PBXFileReference; lastKnownFileType = sourcecode.swift; path = HomeViewModel.swift; sourceTree = "<group>"; };
		DECF821F2B71983400237F4B /* ForecastRow.swift */ = {isa = PBXFileReference; lastKnownFileType = sourcecode.swift; path = ForecastRow.swift; sourceTree = "<group>"; };
		DECF82222B719E1800237F4B /* ForecastList.swift */ = {isa = PBXFileReference; lastKnownFileType = sourcecode.swift; path = ForecastList.swift; sourceTree = "<group>"; };
		DECF82242B719EE800237F4B /* WeatherGridItem.swift */ = {isa = PBXFileReference; lastKnownFileType = sourcecode.swift; path = WeatherGridItem.swift; sourceTree = "<group>"; };
		DECF82272B720DAD00237F4B /* WeatherGrid.swift */ = {isa = PBXFileReference; lastKnownFileType = sourcecode.swift; path = WeatherGrid.swift; sourceTree = "<group>"; };
		DECF82292B72240100237F4B /* WeatherHomeView.swift */ = {isa = PBXFileReference; lastKnownFileType = sourcecode.swift; path = WeatherHomeView.swift; sourceTree = "<group>"; };
		DECF822C2B72249600237F4B /* CurrentLocationWeather.swift */ = {isa = PBXFileReference; lastKnownFileType = sourcecode.swift; path = CurrentLocationWeather.swift; sourceTree = "<group>"; };
		DECF822F2B7251DF00237F4B /* ForecastModel.swift */ = {isa = PBXFileReference; lastKnownFileType = sourcecode.swift; path = ForecastModel.swift; sourceTree = "<group>"; };
		DECF82312B72522600237F4B /* LocationModel.swift */ = {isa = PBXFileReference; lastKnownFileType = sourcecode.swift; path = LocationModel.swift; sourceTree = "<group>"; };
		DECF82332B72524500237F4B /* CurrentModel.swift */ = {isa = PBXFileReference; lastKnownFileType = sourcecode.swift; path = CurrentModel.swift; sourceTree = "<group>"; };
		DECF82352B726DB300237F4B /* WeatherModel.swift */ = {isa = PBXFileReference; lastKnownFileType = sourcecode.swift; path = WeatherModel.swift; sourceTree = "<group>"; };
		DECF82372B72897600237F4B /* ConditionModel.swift */ = {isa = PBXFileReference; lastKnownFileType = sourcecode.swift; path = ConditionModel.swift; sourceTree = "<group>"; };
		DECF82392B72930700237F4B /* ForecastDayModel.swift */ = {isa = PBXFileReference; lastKnownFileType = sourcecode.swift; path = ForecastDayModel.swift; sourceTree = "<group>"; };
		DECF823B2B7293DF00237F4B /* DayModel.swift */ = {isa = PBXFileReference; lastKnownFileType = sourcecode.swift; path = DayModel.swift; sourceTree = "<group>"; };
		DECF823D2B72940100237F4B /* HourModel.swift */ = {isa = PBXFileReference; lastKnownFileType = sourcecode.swift; path = HourModel.swift; sourceTree = "<group>"; };
		DEFA13872B7150BA00E75607 /* WeatherApp.app */ = {isa = PBXFileReference; explicitFileType = wrapper.application; includeInIndex = 0; path = WeatherApp.app; sourceTree = BUILT_PRODUCTS_DIR; };
		DEFA138A2B7150BA00E75607 /* WeatherApp.swift */ = {isa = PBXFileReference; lastKnownFileType = sourcecode.swift; path = WeatherApp.swift; sourceTree = "<group>"; };
		DEFA138E2B7150BC00E75607 /* Assets.xcassets */ = {isa = PBXFileReference; lastKnownFileType = folder.assetcatalog; path = Assets.xcassets; sourceTree = "<group>"; };
		DEFA13912B7150BC00E75607 /* Preview Assets.xcassets */ = {isa = PBXFileReference; lastKnownFileType = folder.assetcatalog; path = "Preview Assets.xcassets"; sourceTree = "<group>"; };
/* End PBXFileReference section */

/* Begin PBXFrameworksBuildPhase section */
		DEFA13842B7150BA00E75607 /* Frameworks */ = {
			isa = PBXFrameworksBuildPhase;
			buildActionMask = 2147483647;
			files = (
				E47E556F43887173AA65B327 /* Pods_WeatherApp.framework in Frameworks */,
			);
			runOnlyForDeploymentPostprocessing = 0;
		};
/* End PBXFrameworksBuildPhase section */

/* Begin PBXGroup section */
		33D4C97FD1B7AF1B1A8CA4AD /* Pods */ = {
			isa = PBXGroup;
			children = (
				4C3DFE9BA4035C77C0691347 /* Pods-WeatherApp.debug.xcconfig */,
				3EF47EBA19C59C22F3BD0678 /* Pods-WeatherApp.release.xcconfig */,
			);
			path = Pods;
			sourceTree = "<group>";
		};
		7CA53DDF39E4A744686F2C09 /* Frameworks */ = {
			isa = PBXGroup;
			children = (
				B0F54FA4DF54AF4649DF78DC /* Pods_WeatherApp.framework */,
			);
			name = Frameworks;
			sourceTree = "<group>";
		};
		CE7FB73F2B72EAA2001808BD /* Services */ = {
			isa = PBXGroup;
			children = (
				CE7FB73D2B72EA9B001808BD /* NetworkServices.swift */,
				CE7FB7402B72EB02001808BD /* URLHandler.swift */,
			);
			path = Services;
			sourceTree = "<group>";
		};
		CE7FB7432B73123C001808BD /* subViews */ = {
			isa = PBXGroup;
			children = (
				DECF822C2B72249600237F4B /* CurrentLocationWeather.swift */,
				DECF821F2B71983400237F4B /* ForecastRow.swift */,
				DECF82222B719E1800237F4B /* ForecastList.swift */,
				DECF82242B719EE800237F4B /* WeatherGridItem.swift */,
				DECF82272B720DAD00237F4B /* WeatherGrid.swift */,
			);
			path = subViews;
			sourceTree = "<group>";
		};
		DEAFDC982B718385000E4DE3 /* View */ = {
			isa = PBXGroup;
			children = (
			);
			path = View;
			sourceTree = "<group>";
		};
		DEAFDC992B71838E000E4DE3 /* Model */ = {
			isa = PBXGroup;
			children = (
				DECF822F2B7251DF00237F4B /* ForecastModel.swift */,
				DECF82392B72930700237F4B /* ForecastDayModel.swift */,
				DECF823B2B7293DF00237F4B /* DayModel.swift */,
				DECF823D2B72940100237F4B /* HourModel.swift */,
			);
			path = Model;
			sourceTree = "<group>";
		};
		DEAFDC9B2B718421000E4DE3 /* Modules */ = {
			isa = PBXGroup;
			children = (
				DEAFDC9D2B718446000E4DE3 /* Forecast */,
				DEAFDC9C2B718436000E4DE3 /* Home */,
			);
			path = Modules;
			sourceTree = "<group>";
		};
		DEAFDC9C2B718436000E4DE3 /* Home */ = {
			isa = PBXGroup;
			children = (
				DECF82432B72B63200237F4B /* ViewModel */,
				DEAFDC9F2B7184E5000E4DE3 /* Model */,
				DEAFDC9E2B7184DC000E4DE3 /* View */,
			);
			path = Home;
			sourceTree = "<group>";
		};
		DEAFDC9D2B718446000E4DE3 /* Forecast */ = {
			isa = PBXGroup;
			children = (
				DEAFDC992B71838E000E4DE3 /* Model */,
				DEAFDC982B718385000E4DE3 /* View */,
			);
			path = Forecast;
			sourceTree = "<group>";
		};
		DEAFDC9E2B7184DC000E4DE3 /* View */ = {
			isa = PBXGroup;
			children = (
				DECF82292B72240100237F4B /* WeatherHomeView.swift */,
				CE7FB7432B73123C001808BD /* subViews */,
			);
			path = View;
			sourceTree = "<group>";
		};
		DEAFDC9F2B7184E5000E4DE3 /* Model */ = {
			isa = PBXGroup;
			children = (
				DECF82332B72524500237F4B /* CurrentModel.swift */,
			);
			path = Model;
			sourceTree = "<group>";
		};
		DEAFDCA12B71853C000E4DE3 /* View */ = {
			isa = PBXGroup;
			children = (
				DEFA138A2B7150BA00E75607 /* WeatherApp.swift */,
			);
			path = View;
			sourceTree = "<group>";
		};
		DECF822E2B7251C100237F4B /* Model */ = {
			isa = PBXGroup;
			children = (
				DECF82352B726DB300237F4B /* WeatherModel.swift */,
				DECF82312B72522600237F4B /* LocationModel.swift */,
				DECF82372B72897600237F4B /* ConditionModel.swift */,
			);
			path = Model;
			sourceTree = "<group>";
		};
		DECF82432B72B63200237F4B /* ViewModel */ = {
			isa = PBXGroup;
			children = (
				CE7FB7442B731296001808BD /* HomeViewModel.swift */,
			);
			path = ViewModel;
			sourceTree = "<group>";
		};
		DEFA137E2B7150BA00E75607 = {
			isa = PBXGroup;
			children = (
				DEFA13892B7150BA00E75607 /* WeatherApp */,
				DEFA13882B7150BA00E75607 /* Products */,
				33D4C97FD1B7AF1B1A8CA4AD /* Pods */,
				7CA53DDF39E4A744686F2C09 /* Frameworks */,
			);
			sourceTree = "<group>";
		};
		DEFA13882B7150BA00E75607 /* Products */ = {
			isa = PBXGroup;
			children = (
				DEFA13872B7150BA00E75607 /* WeatherApp.app */,
			);
			name = Products;
			sourceTree = "<group>";
		};
		DEFA13892B7150BA00E75607 /* WeatherApp */ = {
			isa = PBXGroup;
			children = (
				CE7FB73F2B72EAA2001808BD /* Services */,
				DEAFDCA12B71853C000E4DE3 /* View */,
				DECF822E2B7251C100237F4B /* Model */,
				DEAFDC9B2B718421000E4DE3 /* Modules */,
				DEFA138E2B7150BC00E75607 /* Assets.xcassets */,
				DEFA13902B7150BC00E75607 /* Preview Content */,
			);
			path = WeatherApp;
			sourceTree = "<group>";
		};
		DEFA13902B7150BC00E75607 /* Preview Content */ = {
			isa = PBXGroup;
			children = (
				DEFA13912B7150BC00E75607 /* Preview Assets.xcassets */,
			);
			path = "Preview Content";
			sourceTree = "<group>";
		};
/* End PBXGroup section */

/* Begin PBXNativeTarget section */
		DEFA13862B7150BA00E75607 /* WeatherApp */ = {
			isa = PBXNativeTarget;
			buildConfigurationList = DEFA13952B7150BC00E75607 /* Build configuration list for PBXNativeTarget "WeatherApp" */;
			buildPhases = (
				2059DF4E6EAA0B625D293021 /* [CP] Check Pods Manifest.lock */,
				DEFA13832B7150BA00E75607 /* Sources */,
				DEFA13842B7150BA00E75607 /* Frameworks */,
				DEFA13852B7150BA00E75607 /* Resources */,
				A5B17BB204F0675AA401FFC8 /* [CP] Embed Pods Frameworks */,
			);
			buildRules = (
			);
			dependencies = (
			);
			name = WeatherApp;
			productName = WeatherApp;
			productReference = DEFA13872B7150BA00E75607 /* WeatherApp.app */;
			productType = "com.apple.product-type.application";
		};
/* End PBXNativeTarget section */

/* Begin PBXProject section */
		DEFA137F2B7150BA00E75607 /* Project object */ = {
			isa = PBXProject;
			attributes = {
				BuildIndependentTargetsInParallel = 1;
				LastSwiftUpdateCheck = 1420;
				LastUpgradeCheck = 1420;
				TargetAttributes = {
					DEFA13862B7150BA00E75607 = {
						CreatedOnToolsVersion = 14.2;
					};
				};
			};
			buildConfigurationList = DEFA13822B7150BA00E75607 /* Build configuration list for PBXProject "WeatherApp" */;
			compatibilityVersion = "Xcode 14.0";
			developmentRegion = en;
			hasScannedForEncodings = 0;
			knownRegions = (
				en,
				Base,
			);
			mainGroup = DEFA137E2B7150BA00E75607;
			productRefGroup = DEFA13882B7150BA00E75607 /* Products */;
			projectDirPath = "";
			projectRoot = "";
			targets = (
				DEFA13862B7150BA00E75607 /* WeatherApp */,
			);
		};
/* End PBXProject section */

/* Begin PBXResourcesBuildPhase section */
		DEFA13852B7150BA00E75607 /* Resources */ = {
			isa = PBXResourcesBuildPhase;
			buildActionMask = 2147483647;
			files = (
				DEFA13922B7150BC00E75607 /* Preview Assets.xcassets in Resources */,
				DEFA138F2B7150BC00E75607 /* Assets.xcassets in Resources */,
			);
			runOnlyForDeploymentPostprocessing = 0;
		};
/* End PBXResourcesBuildPhase section */

/* Begin PBXShellScriptBuildPhase section */
		2059DF4E6EAA0B625D293021 /* [CP] Check Pods Manifest.lock */ = {
			isa = PBXShellScriptBuildPhase;
			buildActionMask = 2147483647;
			files = (
			);
			inputFileListPaths = (
			);
			inputPaths = (
				"${PODS_PODFILE_DIR_PATH}/Podfile.lock",
				"${PODS_ROOT}/Manifest.lock",
			);
			name = "[CP] Check Pods Manifest.lock";
			outputFileListPaths = (
			);
			outputPaths = (
				"$(DERIVED_FILE_DIR)/Pods-WeatherApp-checkManifestLockResult.txt",
			);
			runOnlyForDeploymentPostprocessing = 0;
			shellPath = /bin/sh;
			shellScript = "diff \"${PODS_PODFILE_DIR_PATH}/Podfile.lock\" \"${PODS_ROOT}/Manifest.lock\" > /dev/null\nif [ $? != 0 ] ; then\n    # print error to STDERR\n    echo \"error: The sandbox is not in sync with the Podfile.lock. Run 'pod install' or update your CocoaPods installation.\" >&2\n    exit 1\nfi\n# This output is used by Xcode 'outputs' to avoid re-running this script phase.\necho \"SUCCESS\" > \"${SCRIPT_OUTPUT_FILE_0}\"\n";
			showEnvVarsInLog = 0;
		};
		A5B17BB204F0675AA401FFC8 /* [CP] Embed Pods Frameworks */ = {
			isa = PBXShellScriptBuildPhase;
			buildActionMask = 2147483647;
			files = (
			);
			inputFileListPaths = (
				"${PODS_ROOT}/Target Support Files/Pods-WeatherApp/Pods-WeatherApp-frameworks-${CONFIGURATION}-input-files.xcfilelist",
			);
			name = "[CP] Embed Pods Frameworks";
			outputFileListPaths = (
				"${PODS_ROOT}/Target Support Files/Pods-WeatherApp/Pods-WeatherApp-frameworks-${CONFIGURATION}-output-files.xcfilelist",
			);
			runOnlyForDeploymentPostprocessing = 0;
			shellPath = /bin/sh;
			shellScript = "\"${PODS_ROOT}/Target Support Files/Pods-WeatherApp/Pods-WeatherApp-frameworks.sh\"\n";
			showEnvVarsInLog = 0;
		};
/* End PBXShellScriptBuildPhase section */

/* Begin PBXSourcesBuildPhase section */
		DEFA13832B7150BA00E75607 /* Sources */ = {
			isa = PBXSourcesBuildPhase;
			buildActionMask = 2147483647;
			files = (
				DECF82302B7251DF00237F4B /* ForecastModel.swift in Sources */,
				CE7FB7452B731296001808BD /* HomeViewModel.swift in Sources */,
				DECF82382B72897600237F4B /* ConditionModel.swift in Sources */,
				DECF823C2B7293DF00237F4B /* DayModel.swift in Sources */,
				DECF823A2B72930700237F4B /* ForecastDayModel.swift in Sources */,
				DECF82282B720DAD00237F4B /* WeatherGrid.swift in Sources */,
				DECF82252B719EE800237F4B /* WeatherGridItem.swift in Sources */,
				DECF823E2B72940100237F4B /* HourModel.swift in Sources */,
				DECF82362B726DB300237F4B /* WeatherModel.swift in Sources */,
				DECF82232B719E1800237F4B /* ForecastList.swift in Sources */,
				DECF82322B72522600237F4B /* LocationModel.swift in Sources */,
				DECF822D2B72249600237F4B /* CurrentLocationWeather.swift in Sources */,
				DECF82342B72524500237F4B /* CurrentModel.swift in Sources */,
				DEFA138B2B7150BA00E75607 /* WeatherApp.swift in Sources */,
				DECF82202B71983400237F4B /* ForecastRow.swift in Sources */,
				CE7FB73E2B72EA9B001808BD /* NetworkServices.swift in Sources */,
				DECF822A2B72240100237F4B /* WeatherHomeView.swift in Sources */,
				CE7FB7412B72EB02001808BD /* URLHandler.swift in Sources */,
			);
			runOnlyForDeploymentPostprocessing = 0;
		};
/* End PBXSourcesBuildPhase section */

/* Begin XCBuildConfiguration section */
		DEFA13932B7150BC00E75607 /* Debug */ = {
			isa = XCBuildConfiguration;
			buildSettings = {
				ALWAYS_SEARCH_USER_PATHS = NO;
				CLANG_ANALYZER_NONNULL = YES;
				CLANG_ANALYZER_NUMBER_OBJECT_CONVERSION = YES_AGGRESSIVE;
				CLANG_CXX_LANGUAGE_STANDARD = "gnu++20";
				CLANG_ENABLE_MODULES = YES;
				CLANG_ENABLE_OBJC_ARC = YES;
				CLANG_ENABLE_OBJC_WEAK = YES;
				CLANG_WARN_BLOCK_CAPTURE_AUTORELEASING = YES;
				CLANG_WARN_BOOL_CONVERSION = YES;
				CLANG_WARN_COMMA = YES;
				CLANG_WARN_CONSTANT_CONVERSION = YES;
				CLANG_WARN_DEPRECATED_OBJC_IMPLEMENTATIONS = YES;
				CLANG_WARN_DIRECT_OBJC_ISA_USAGE = YES_ERROR;
				CLANG_WARN_DOCUMENTATION_COMMENTS = YES;
				CLANG_WARN_EMPTY_BODY = YES;
				CLANG_WARN_ENUM_CONVERSION = YES;
				CLANG_WARN_INFINITE_RECURSION = YES;
				CLANG_WARN_INT_CONVERSION = YES;
				CLANG_WARN_NON_LITERAL_NULL_CONVERSION = YES;
				CLANG_WARN_OBJC_IMPLICIT_RETAIN_SELF = YES;
				CLANG_WARN_OBJC_LITERAL_CONVERSION = YES;
				CLANG_WARN_OBJC_ROOT_CLASS = YES_ERROR;
				CLANG_WARN_QUOTED_INCLUDE_IN_FRAMEWORK_HEADER = YES;
				CLANG_WARN_RANGE_LOOP_ANALYSIS = YES;
				CLANG_WARN_STRICT_PROTOTYPES = YES;
				CLANG_WARN_SUSPICIOUS_MOVE = YES;
				CLANG_WARN_UNGUARDED_AVAILABILITY = YES_AGGRESSIVE;
				CLANG_WARN_UNREACHABLE_CODE = YES;
				CLANG_WARN__DUPLICATE_METHOD_MATCH = YES;
				COPY_PHASE_STRIP = NO;
				DEBUG_INFORMATION_FORMAT = dwarf;
				ENABLE_STRICT_OBJC_MSGSEND = YES;
				ENABLE_TESTABILITY = YES;
				GCC_C_LANGUAGE_STANDARD = gnu11;
				GCC_DYNAMIC_NO_PIC = NO;
				GCC_NO_COMMON_BLOCKS = YES;
				GCC_OPTIMIZATION_LEVEL = 0;
				GCC_PREPROCESSOR_DEFINITIONS = (
					"DEBUG=1",
					"$(inherited)",
				);
				GCC_WARN_64_TO_32_BIT_CONVERSION = YES;
				GCC_WARN_ABOUT_RETURN_TYPE = YES_ERROR;
				GCC_WARN_UNDECLARED_SELECTOR = YES;
				GCC_WARN_UNINITIALIZED_AUTOS = YES_AGGRESSIVE;
				GCC_WARN_UNUSED_FUNCTION = YES;
				GCC_WARN_UNUSED_VARIABLE = YES;
				IPHONEOS_DEPLOYMENT_TARGET = 16.2;
				MTL_ENABLE_DEBUG_INFO = INCLUDE_SOURCE;
				MTL_FAST_MATH = YES;
				ONLY_ACTIVE_ARCH = YES;
				SDKROOT = iphoneos;
				SWIFT_ACTIVE_COMPILATION_CONDITIONS = DEBUG;
				SWIFT_OPTIMIZATION_LEVEL = "-Onone";
			};
			name = Debug;
		};
		DEFA13942B7150BC00E75607 /* Release */ = {
			isa = XCBuildConfiguration;
			buildSettings = {
				ALWAYS_SEARCH_USER_PATHS = NO;
				CLANG_ANALYZER_NONNULL = YES;
				CLANG_ANALYZER_NUMBER_OBJECT_CONVERSION = YES_AGGRESSIVE;
				CLANG_CXX_LANGUAGE_STANDARD = "gnu++20";
				CLANG_ENABLE_MODULES = YES;
				CLANG_ENABLE_OBJC_ARC = YES;
				CLANG_ENABLE_OBJC_WEAK = YES;
				CLANG_WARN_BLOCK_CAPTURE_AUTORELEASING = YES;
				CLANG_WARN_BOOL_CONVERSION = YES;
				CLANG_WARN_COMMA = YES;
				CLANG_WARN_CONSTANT_CONVERSION = YES;
				CLANG_WARN_DEPRECATED_OBJC_IMPLEMENTATIONS = YES;
				CLANG_WARN_DIRECT_OBJC_ISA_USAGE = YES_ERROR;
				CLANG_WARN_DOCUMENTATION_COMMENTS = YES;
				CLANG_WARN_EMPTY_BODY = YES;
				CLANG_WARN_ENUM_CONVERSION = YES;
				CLANG_WARN_INFINITE_RECURSION = YES;
				CLANG_WARN_INT_CONVERSION = YES;
				CLANG_WARN_NON_LITERAL_NULL_CONVERSION = YES;
				CLANG_WARN_OBJC_IMPLICIT_RETAIN_SELF = YES;
				CLANG_WARN_OBJC_LITERAL_CONVERSION = YES;
				CLANG_WARN_OBJC_ROOT_CLASS = YES_ERROR;
				CLANG_WARN_QUOTED_INCLUDE_IN_FRAMEWORK_HEADER = YES;
				CLANG_WARN_RANGE_LOOP_ANALYSIS = YES;
				CLANG_WARN_STRICT_PROTOTYPES = YES;
				CLANG_WARN_SUSPICIOUS_MOVE = YES;
				CLANG_WARN_UNGUARDED_AVAILABILITY = YES_AGGRESSIVE;
				CLANG_WARN_UNREACHABLE_CODE = YES;
				CLANG_WARN__DUPLICATE_METHOD_MATCH = YES;
				COPY_PHASE_STRIP = NO;
				DEBUG_INFORMATION_FORMAT = "dwarf-with-dsym";
				ENABLE_NS_ASSERTIONS = NO;
				ENABLE_STRICT_OBJC_MSGSEND = YES;
				GCC_C_LANGUAGE_STANDARD = gnu11;
				GCC_NO_COMMON_BLOCKS = YES;
				GCC_WARN_64_TO_32_BIT_CONVERSION = YES;
				GCC_WARN_ABOUT_RETURN_TYPE = YES_ERROR;
				GCC_WARN_UNDECLARED_SELECTOR = YES;
				GCC_WARN_UNINITIALIZED_AUTOS = YES_AGGRESSIVE;
				GCC_WARN_UNUSED_FUNCTION = YES;
				GCC_WARN_UNUSED_VARIABLE = YES;
				IPHONEOS_DEPLOYMENT_TARGET = 16.2;
				MTL_ENABLE_DEBUG_INFO = NO;
				MTL_FAST_MATH = YES;
				SDKROOT = iphoneos;
				SWIFT_COMPILATION_MODE = wholemodule;
				SWIFT_OPTIMIZATION_LEVEL = "-O";
				VALIDATE_PRODUCT = YES;
			};
			name = Release;
		};
		DEFA13962B7150BC00E75607 /* Debug */ = {
			isa = XCBuildConfiguration;
			baseConfigurationReference = 4C3DFE9BA4035C77C0691347 /* Pods-WeatherApp.debug.xcconfig */;
			buildSettings = {
				ASSETCATALOG_COMPILER_APPICON_NAME = AppIcon;
				ASSETCATALOG_COMPILER_GLOBAL_ACCENT_COLOR_NAME = AccentColor;
				CODE_SIGN_STYLE = Automatic;
				CURRENT_PROJECT_VERSION = 1;
				DEVELOPMENT_ASSET_PATHS = "\"WeatherApp/Preview Content\"";
				ENABLE_PREVIEWS = YES;
				GENERATE_INFOPLIST_FILE = YES;
				INFOPLIST_KEY_NSLocationAlwaysAndWhenInUseUsageDescription = "";
				INFOPLIST_KEY_UIApplicationSceneManifest_Generation = YES;
				INFOPLIST_KEY_UIApplicationSupportsIndirectInputEvents = YES;
				INFOPLIST_KEY_UILaunchScreen_Generation = YES;
				INFOPLIST_KEY_UISupportedInterfaceOrientations_iPad = "UIInterfaceOrientationPortrait UIInterfaceOrientationPortraitUpsideDown UIInterfaceOrientationLandscapeLeft UIInterfaceOrientationLandscapeRight";
				INFOPLIST_KEY_UISupportedInterfaceOrientations_iPhone = "UIInterfaceOrientationPortrait UIInterfaceOrientationLandscapeLeft UIInterfaceOrientationLandscapeRight";
				LD_RUNPATH_SEARCH_PATHS = (
					"$(inherited)",
					"@executable_path/Frameworks",
				);
				MARKETING_VERSION = 1.0;
				PRODUCT_BUNDLE_IDENTIFIER = com.faitech.WeatherApp;
				PRODUCT_NAME = "$(TARGET_NAME)";
				SWIFT_EMIT_LOC_STRINGS = YES;
				SWIFT_VERSION = 5.0;
				TARGETED_DEVICE_FAMILY = "1,2";
			};
			name = Debug;
		};
		DEFA13972B7150BC00E75607 /* Release */ = {
			isa = XCBuildConfiguration;
			baseConfigurationReference = 3EF47EBA19C59C22F3BD0678 /* Pods-WeatherApp.release.xcconfig */;
			buildSettings = {
				ASSETCATALOG_COMPILER_APPICON_NAME = AppIcon;
				ASSETCATALOG_COMPILER_GLOBAL_ACCENT_COLOR_NAME = AccentColor;
				CODE_SIGN_STYLE = Automatic;
				CURRENT_PROJECT_VERSION = 1;
				DEVELOPMENT_ASSET_PATHS = "\"WeatherApp/Preview Content\"";
				ENABLE_PREVIEWS = YES;
				GENERATE_INFOPLIST_FILE = YES;
				INFOPLIST_KEY_NSLocationAlwaysAndWhenInUseUsageDescription = "";
				INFOPLIST_KEY_UIApplicationSceneManifest_Generation = YES;
				INFOPLIST_KEY_UIApplicationSupportsIndirectInputEvents = YES;
				INFOPLIST_KEY_UILaunchScreen_Generation = YES;
				INFOPLIST_KEY_UISupportedInterfaceOrientations_iPad = "UIInterfaceOrientationPortrait UIInterfaceOrientationPortraitUpsideDown UIInterfaceOrientationLandscapeLeft UIInterfaceOrientationLandscapeRight";
				INFOPLIST_KEY_UISupportedInterfaceOrientations_iPhone = "UIInterfaceOrientationPortrait UIInterfaceOrientationLandscapeLeft UIInterfaceOrientationLandscapeRight";
				LD_RUNPATH_SEARCH_PATHS = (
					"$(inherited)",
					"@executable_path/Frameworks",
				);
				MARKETING_VERSION = 1.0;
				PRODUCT_BUNDLE_IDENTIFIER = com.faitech.WeatherApp;
				PRODUCT_NAME = "$(TARGET_NAME)";
				SWIFT_EMIT_LOC_STRINGS = YES;
				SWIFT_VERSION = 5.0;
				TARGETED_DEVICE_FAMILY = "1,2";
			};
			name = Release;
		};
/* End XCBuildConfiguration section */

/* Begin XCConfigurationList section */
		DEFA13822B7150BA00E75607 /* Build configuration list for PBXProject "WeatherApp" */ = {
			isa = XCConfigurationList;
			buildConfigurations = (
				DEFA13932B7150BC00E75607 /* Debug */,
				DEFA13942B7150BC00E75607 /* Release */,
			);
			defaultConfigurationIsVisible = 0;
			defaultConfigurationName = Release;
		};
		DEFA13952B7150BC00E75607 /* Build configuration list for PBXNativeTarget "WeatherApp" */ = {
			isa = XCConfigurationList;
			buildConfigurations = (
				DEFA13962B7150BC00E75607 /* Debug */,
				DEFA13972B7150BC00E75607 /* Release */,
			);
			defaultConfigurationIsVisible = 0;
			defaultConfigurationName = Release;
		};
/* End XCConfigurationList section */
	};
	rootObject = DEFA137F2B7150BA00E75607 /* Project object */;
}
